
Microsoft Visual Studio Solution File, Format Version 12.00
# Visual Studio Version 16
VisualStudioVersion = 16.0.30907.101
MinimumVisualStudioVersion = 10.0.40219.1
Project("{FAE04EC0-301F-11D3-BF4B-00C04F79EFBC}") = "ProjetoStone", "ProjetoStone\ProjetoStone.csproj", "{1373A5D0-732B-4D0C-A867-647D4199C5C5}"
EndProject
Global
	GlobalSection(SolutionConfigurationPlatforms) = preSolution
		Debug|Any CPU = Debug|Any CPU
		Release|Any CPU = Release|Any CPU
	EndGlobalSection
	GlobalSection(ProjectConfigurationPlatforms) = postSolution
		{1373A5D0-732B-4D0C-A867-647D4199C5C5}.Debug|Any CPU.ActiveCfg = Debug|Any CPU
		{1373A5D0-732B-4D0C-A867-647D4199C5C5}.Debug|Any CPU.Build.0 = Debug|Any CPU
		{1373A5D0-732B-4D0C-A867-647D4199C5C5}.Release|Any CPU.ActiveCfg = Release|Any CPU
		{1373A5D0-732B-4D0C-A867-647D4199C5C5}.Release|Any CPU.Build.0 = Release|Any CPU
	EndGlobalSection
	GlobalSection(SolutionProperties) = preSolution
		HideSolutionNode = FALSE
	EndGlobalSection
	GlobalSection(ExtensibilityGlobals) = postSolution
		SolutionGuid = {3F998F2B-7FFC-4A81-9C37-D671CB089EEA}
	EndGlobalSection
EndGlobal
